
Microsoft Visual Studio Solution File, Format Version 12.00
# Visual Studio Version 17
VisualStudioVersion = 17.5.33627.172
MinimumVisualStudioVersion = 10.0.40219.1
Project("{FAE04EC0-301F-11D3-BF4B-00C04F79EFBC}") = "Petrol Istasyonu Ve Marketcilik Otomasyonu", "Petrol Istasyonu Ve Marketcilik Otomasyonu\Petrol Istasyonu Ve Marketcilik Otomasyonu.csproj", "{77A84872-85C1-40A0-9DF0-3818719702CD}"
EndProject
Global
	GlobalSection(SolutionConfigurationPlatforms) = preSolution
		Debug|Any CPU = Debug|Any CPU
		Release|Any CPU = Release|Any CPU
	EndGlobalSection
	GlobalSection(ProjectConfigurationPlatforms) = postSolution
		{77A84872-85C1-40A0-9DF0-3818719702CD}.Debug|Any CPU.ActiveCfg = Debug|Any CPU
		{77A84872-85C1-40A0-9DF0-3818719702CD}.Debug|Any CPU.Build.0 = Debug|Any CPU
		{77A84872-85C1-40A0-9DF0-3818719702CD}.Release|Any CPU.ActiveCfg = Release|Any CPU
		{77A84872-85C1-40A0-9DF0-3818719702CD}.Release|Any CPU.Build.0 = Release|Any CPU
	EndGlobalSection
	GlobalSection(SolutionProperties) = preSolution
		HideSolutionNode = FALSE
	EndGlobalSection
	GlobalSection(ExtensibilityGlobals) = postSolution
		SolutionGuid = {756DD2A5-ABE9-408C-8024-B430E717204F}
	EndGlobalSection
EndGlobal
